{
  "nodes": {
    "devenv": {
      "locked": {
        "dir": "src/modules",
        "lastModified": 1787015266,
        "narHash": "sha256-B4eXU1+QiZc3fFgH0pTl185xNUYNzW+1KIe9Jmtavkk=",
        "owner": "cachix",
        "repo": "devenv",
        "rev": "c18de5253016e6eb97689724327f08e9dd2d4768",
        "type": "github"
      },
      "original": {
        "dir": "src/modules",
        "owner": "cachix",
        "repo": "devenv",
        "type": "github"
      }
    },
    "nixpkgs": {
      "locked": {
        "lastModified": 1787022431,
        "narHash": "sha256-Kly49ipfBSEIKPFcKUUjlL6yzNAnFetwKAehc9P1h4I=",
        "owner": "NixOS",
        "repo": "nixpkgs",
        "rev": "f165e44f135784a494bca3d4ab4834c139f0b37d",
        "type": "github"
      },
      "original": {
        "owner": "NixOS",
        "ref": "nixpkgs-unstable",
        "repo": "nixpkgs",
        "type": "github"
      }
    },
    "root": {
      "inputs": {
        "devenv": "devenv",
        "nixpkgs": "nixpkgs"
      }
    }
  },
  "root": "root",
  "version": 7
}